
Microsoft Visual Studio Solution File, Format Version 12.00
# Visual Studio 14
VisualStudioVersion = 14.0.25420.1
MinimumVisualStudioVersion = 10.0.40219.1
Project("{FAE04EC0-301F-11D3-BF4B-00C04F79EFBC}") = "AcoreX", "..\..\Common\AcoreX\AcoreX.csproj", "{C11411D1-7FCE-42F3-A753-140B5D9A57D0}"
EndProject
Project("{2150E333-8FDC-42A3-9474-1A3956D46DE8}") = "Common", "Common", "{89086EC6-D71C-4663-9138-0375431DB8CF}"
EndProject
Project("{2150E333-8FDC-42A3-9474-1A3956D46DE8}") = "Logics", "Logics", "{7A6C17E5-6E88-4A40-974B-B85DE7025AD6}"
EndProject
Project("{FAE04EC0-301F-11D3-BF4B-00C04F79EFBC}") = "Elesim.Droid", "Elesim.Droid\Elesim.Droid.csproj", "{B26E7F15-C1F8-4C85-80E2-C16A00A6788F}"
EndProject
Project("{FAE04EC0-301F-11D3-BF4B-00C04F79EFBC}") = "AcoreX.Xamarin.Droid", "..\..\Common\AcoreX.Xamarin.Droid\AcoreX.Xamarin.Droid.csproj", "{A3364A57-4D54-40CF-942F-6DC3D8E1B63A}"
EndProject
Project("{FAE04EC0-301F-11D3-BF4B-00C04F79EFBC}") = "Elesim.Shared", "Elesim.Shared\Elesim.Shared.csproj", "{EB09B414-804F-4BA7-992C-504476EDE0C1}"
EndProject
Project("{FAE04EC0-301F-11D3-BF4B-00C04F79EFBC}") = "AcoreX.Core", "..\..\Common\AcoreX.Core\AcoreX.Core.csproj", "{4E37A77B-97CC-4C0B-971A-4D0622DA2A1A}"
EndProject
Project("{FAE04EC0-301F-11D3-BF4B-00C04F79EFBC}") = "Esunco.Models", "Esunco.Models\Esunco.Models.csproj", "{9606F823-22E3-429D-8D24-9E65BE380185}"
EndProject
Global
	GlobalSection(SolutionConfigurationPlatforms) = preSolution
		Android|Any CPU = Android|Any CPU
		Android|x86 = Android|x86
		Debug|Any CPU = Debug|Any CPU
		Debug|x86 = Debug|x86
		Release|Any CPU = Release|Any CPU
		Release|x86 = Release|x86
		Service|Any CPU = Service|Any CPU
		Service|x86 = Service|x86
		Web|Any CPU = Web|Any CPU
		Web|x86 = Web|x86
	EndGlobalSection
	GlobalSection(ProjectConfigurationPlatforms) = postSolution
		{C11411D1-7FCE-42F3-A753-140B5D9A57D0}.Android|Any CPU.ActiveCfg = Android|Any CPU
		{C11411D1-7FCE-42F3-A753-140B5D9A57D0}.Android|x86.ActiveCfg = Android|x86
		{C11411D1-7FCE-42F3-A753-140B5D9A57D0}.Android|x86.Build.0 = Android|x86
		{C11411D1-7FCE-42F3-A753-140B5D9A57D0}.Debug|Any CPU.ActiveCfg = Debug|Any CPU
		{C11411D1-7FCE-42F3-A753-140B5D9A57D0}.Debug|Any CPU.Build.0 = Debug|Any CPU
		{C11411D1-7FCE-42F3-A753-140B5D9A57D0}.Debug|x86.ActiveCfg = Debug|x86
		{C11411D1-7FCE-42F3-A753-140B5D9A57D0}.Debug|x86.Build.0 = Debug|x86
		{C11411D1-7FCE-42F3-A753-140B5D9A57D0}.Release|Any CPU.ActiveCfg = Release|Any CPU
		{C11411D1-7FCE-42F3-A753-140B5D9A57D0}.Release|Any CPU.Build.0 = Release|Any CPU
		{C11411D1-7FCE-42F3-A753-140B5D9A57D0}.Release|x86.ActiveCfg = Release|x86
		{C11411D1-7FCE-42F3-A753-140B5D9A57D0}.Release|x86.Build.0 = Release|x86
		{C11411D1-7FCE-42F3-A753-140B5D9A57D0}.Service|Any CPU.ActiveCfg = Service|Any CPU
		{C11411D1-7FCE-42F3-A753-140B5D9A57D0}.Service|Any CPU.Build.0 = Service|Any CPU
		{C11411D1-7FCE-42F3-A753-140B5D9A57D0}.Service|x86.ActiveCfg = Service|x86
		{C11411D1-7FCE-42F3-A753-140B5D9A57D0}.Service|x86.Build.0 = Service|x86
		{C11411D1-7FCE-42F3-A753-140B5D9A57D0}.Web|Any CPU.ActiveCfg = Web|Any CPU
		{C11411D1-7FCE-42F3-A753-140B5D9A57D0}.Web|Any CPU.Build.0 = Web|Any CPU
		{C11411D1-7FCE-42F3-A753-140B5D9A57D0}.Web|x86.ActiveCfg = Web|x86
		{C11411D1-7FCE-42F3-A753-140B5D9A57D0}.Web|x86.Build.0 = Web|x86
		{B26E7F15-C1F8-4C85-80E2-C16A00A6788F}.Android|Any CPU.ActiveCfg = Android|Any CPU
		{B26E7F15-C1F8-4C85-80E2-C16A00A6788F}.Android|Any CPU.Build.0 = Android|Any CPU
		{B26E7F15-C1F8-4C85-80E2-C16A00A6788F}.Android|Any CPU.Deploy.0 = Android|Any CPU
		{B26E7F15-C1F8-4C85-80E2-C16A00A6788F}.Android|x86.ActiveCfg = Android|Any CPU
		{B26E7F15-C1F8-4C85-80E2-C16A00A6788F}.Android|x86.Build.0 = Android|Any CPU
		{B26E7F15-C1F8-4C85-80E2-C16A00A6788F}.Android|x86.Deploy.0 = Android|Any CPU
		{B26E7F15-C1F8-4C85-80E2-C16A00A6788F}.Debug|Any CPU.ActiveCfg = Debug|Any CPU
		{B26E7F15-C1F8-4C85-80E2-C16A00A6788F}.Debug|Any CPU.Build.0 = Debug|Any CPU
		{B26E7F15-C1F8-4C85-80E2-C16A00A6788F}.Debug|Any CPU.Deploy.0 = Debug|Any CPU
		{B26E7F15-C1F8-4C85-80E2-C16A00A6788F}.Debug|x86.ActiveCfg = Debug|Any CPU
		{B26E7F15-C1F8-4C85-80E2-C16A00A6788F}.Release|Any CPU.ActiveCfg = Release|Any CPU
		{B26E7F15-C1F8-4C85-80E2-C16A00A6788F}.Release|Any CPU.Build.0 = Release|Any CPU
		{B26E7F15-C1F8-4C85-80E2-C16A00A6788F}.Release|Any CPU.Deploy.0 = Release|Any CPU
		{B26E7F15-C1F8-4C85-80E2-C16A00A6788F}.Release|x86.ActiveCfg = Release|Any CPU
		{B26E7F15-C1F8-4C85-80E2-C16A00A6788F}.Service|Any CPU.ActiveCfg = Service|Any CPU
		{B26E7F15-C1F8-4C85-80E2-C16A00A6788F}.Service|x86.ActiveCfg = Service|Any CPU
		{B26E7F15-C1F8-4C85-80E2-C16A00A6788F}.Service|x86.Build.0 = Service|Any CPU
		{B26E7F15-C1F8-4C85-80E2-C16A00A6788F}.Service|x86.Deploy.0 = Service|Any CPU
		{B26E7F15-C1F8-4C85-80E2-C16A00A6788F}.Web|Any CPU.ActiveCfg = Web|Any CPU
		{B26E7F15-C1F8-4C85-80E2-C16A00A6788F}.Web|x86.ActiveCfg = Web|Any CPU
		{B26E7F15-C1F8-4C85-80E2-C16A00A6788F}.Web|x86.Build.0 = Web|Any CPU
		{B26E7F15-C1F8-4C85-80E2-C16A00A6788F}.Web|x86.Deploy.0 = Web|Any CPU
		{A3364A57-4D54-40CF-942F-6DC3D8E1B63A}.Android|Any CPU.ActiveCfg = Android|Any CPU
		{A3364A57-4D54-40CF-942F-6DC3D8E1B63A}.Android|Any CPU.Build.0 = Android|Any CPU
		{A3364A57-4D54-40CF-942F-6DC3D8E1B63A}.Android|x86.ActiveCfg = Android|Any CPU
		{A3364A57-4D54-40CF-942F-6DC3D8E1B63A}.Android|x86.Build.0 = Android|Any CPU
		{A3364A57-4D54-40CF-942F-6DC3D8E1B63A}.Debug|Any CPU.ActiveCfg = Debug|Any CPU
		{A3364A57-4D54-40CF-942F-6DC3D8E1B63A}.Debug|Any CPU.Build.0 = Debug|Any CPU
		{A3364A57-4D54-40CF-942F-6DC3D8E1B63A}.Debug|x86.ActiveCfg = Debug|Any CPU
		{A3364A57-4D54-40CF-942F-6DC3D8E1B63A}.Release|Any CPU.ActiveCfg = Release|Any CPU
		{A3364A57-4D54-40CF-942F-6DC3D8E1B63A}.Release|Any CPU.Build.0 = Release|Any CPU
		{A3364A57-4D54-40CF-942F-6DC3D8E1B63A}.Release|x86.ActiveCfg = Release|Any CPU
		{A3364A57-4D54-40CF-942F-6DC3D8E1B63A}.Service|Any CPU.ActiveCfg = Service|Any CPU
		{A3364A57-4D54-40CF-942F-6DC3D8E1B63A}.Service|x86.ActiveCfg = Service|Any CPU
		{A3364A57-4D54-40CF-942F-6DC3D8E1B63A}.Service|x86.Build.0 = Service|Any CPU
		{A3364A57-4D54-40CF-942F-6DC3D8E1B63A}.Web|Any CPU.ActiveCfg = Web|Any CPU
		{A3364A57-4D54-40CF-942F-6DC3D8E1B63A}.Web|x86.ActiveCfg = Web|Any CPU
		{A3364A57-4D54-40CF-942F-6DC3D8E1B63A}.Web|x86.Build.0 = Web|Any CPU
		{EB09B414-804F-4BA7-992C-504476EDE0C1}.Android|Any CPU.ActiveCfg = Android|Any CPU
		{EB09B414-804F-4BA7-992C-504476EDE0C1}.Android|Any CPU.Build.0 = Android|Any CPU
		{EB09B414-804F-4BA7-992C-504476EDE0C1}.Android|x86.ActiveCfg = Android|Any CPU
		{EB09B414-804F-4BA7-992C-504476EDE0C1}.Android|x86.Build.0 = Android|Any CPU
		{EB09B414-804F-4BA7-992C-504476EDE0C1}.Debug|Any CPU.ActiveCfg = Debug|Any CPU
		{EB09B414-804F-4BA7-992C-504476EDE0C1}.Debug|Any CPU.Build.0 = Debug|Any CPU
		{EB09B414-804F-4BA7-992C-504476EDE0C1}.Debug|x86.ActiveCfg = Debug|Any CPU
		{EB09B414-804F-4BA7-992C-504476EDE0C1}.Debug|x86.Build.0 = Debug|Any CPU
		{EB09B414-804F-4BA7-992C-504476EDE0C1}.Release|Any CPU.ActiveCfg = Release|Any CPU
		{EB09B414-804F-4BA7-992C-504476EDE0C1}.Release|Any CPU.Build.0 = Release|Any CPU
		{EB09B414-804F-4BA7-992C-504476EDE0C1}.Release|x86.ActiveCfg = Release|Any CPU
		{EB09B414-804F-4BA7-992C-504476EDE0C1}.Release|x86.Build.0 = Release|Any CPU
		{EB09B414-804F-4BA7-992C-504476EDE0C1}.Service|Any CPU.ActiveCfg = Service|Any CPU
		{EB09B414-804F-4BA7-992C-504476EDE0C1}.Service|x86.ActiveCfg = Service|Any CPU
		{EB09B414-804F-4BA7-992C-504476EDE0C1}.Service|x86.Build.0 = Service|Any CPU
		{EB09B414-804F-4BA7-992C-504476EDE0C1}.Web|Any CPU.ActiveCfg = Web|Any CPU
		{EB09B414-804F-4BA7-992C-504476EDE0C1}.Web|x86.ActiveCfg = Web|Any CPU
		{EB09B414-804F-4BA7-992C-504476EDE0C1}.Web|x86.Build.0 = Web|Any CPU
		{4E37A77B-97CC-4C0B-971A-4D0622DA2A1A}.Android|Any CPU.ActiveCfg = Android|Any CPU
		{4E37A77B-97CC-4C0B-971A-4D0622DA2A1A}.Android|Any CPU.Build.0 = Android|Any CPU
		{4E37A77B-97CC-4C0B-971A-4D0622DA2A1A}.Android|x86.ActiveCfg = Android|Any CPU
		{4E37A77B-97CC-4C0B-971A-4D0622DA2A1A}.Android|x86.Build.0 = Android|Any CPU
		{4E37A77B-97CC-4C0B-971A-4D0622DA2A1A}.Debug|Any CPU.ActiveCfg = Debug|Any CPU
		{4E37A77B-97CC-4C0B-971A-4D0622DA2A1A}.Debug|Any CPU.Build.0 = Debug|Any CPU
		{4E37A77B-97CC-4C0B-971A-4D0622DA2A1A}.Debug|x86.ActiveCfg = Debug|Any CPU
		{4E37A77B-97CC-4C0B-971A-4D0622DA2A1A}.Debug|x86.Build.0 = Debug|Any CPU
		{4E37A77B-97CC-4C0B-971A-4D0622DA2A1A}.Release|Any CPU.ActiveCfg = Release|Any CPU
		{4E37A77B-97CC-4C0B-971A-4D0622DA2A1A}.Release|Any CPU.Build.0 = Release|Any CPU
		{4E37A77B-97CC-4C0B-971A-4D0622DA2A1A}.Release|x86.ActiveCfg = Release|Any CPU
		{4E37A77B-97CC-4C0B-971A-4D0622DA2A1A}.Release|x86.Build.0 = Release|Any CPU
		{4E37A77B-97CC-4C0B-971A-4D0622DA2A1A}.Service|Any CPU.ActiveCfg = Service|Any CPU
		{4E37A77B-97CC-4C0B-971A-4D0622DA2A1A}.Service|x86.ActiveCfg = Service|Any CPU
		{4E37A77B-97CC-4C0B-971A-4D0622DA2A1A}.Service|x86.Build.0 = Service|Any CPU
		{4E37A77B-97CC-4C0B-971A-4D0622DA2A1A}.Web|Any CPU.ActiveCfg = Web|Any CPU
		{4E37A77B-97CC-4C0B-971A-4D0622DA2A1A}.Web|x86.ActiveCfg = Web|Any CPU
		{4E37A77B-97CC-4C0B-971A-4D0622DA2A1A}.Web|x86.Build.0 = Web|Any CPU
		{9606F823-22E3-429D-8D24-9E65BE380185}.Android|Any CPU.ActiveCfg = Release|Any CPU
		{9606F823-22E3-429D-8D24-9E65BE380185}.Android|Any CPU.Build.0 = Release|Any CPU
		{9606F823-22E3-429D-8D24-9E65BE380185}.Android|x86.ActiveCfg = Release|Any CPU
		{9606F823-22E3-429D-8D24-9E65BE380185}.Android|x86.Build.0 = Release|Any CPU
		{9606F823-22E3-429D-8D24-9E65BE380185}.Debug|Any CPU.ActiveCfg = Debug|Any CPU
		{9606F823-22E3-429D-8D24-9E65BE380185}.Debug|Any CPU.Build.0 = Debug|Any CPU
		{9606F823-22E3-429D-8D24-9E65BE380185}.Debug|x86.ActiveCfg = Debug|Any CPU
		{9606F823-22E3-429D-8D24-9E65BE380185}.Debug|x86.Build.0 = Debug|Any CPU
		{9606F823-22E3-429D-8D24-9E65BE380185}.Release|Any CPU.ActiveCfg = Release|Any CPU
		{9606F823-22E3-429D-8D24-9E65BE380185}.Release|Any CPU.Build.0 = Release|Any CPU
		{9606F823-22E3-429D-8D24-9E65BE380185}.Release|x86.ActiveCfg = Release|Any CPU
		{9606F823-22E3-429D-8D24-9E65BE380185}.Release|x86.Build.0 = Release|Any CPU
		{9606F823-22E3-429D-8D24-9E65BE380185}.Service|Any CPU.ActiveCfg = Service|Any CPU
		{9606F823-22E3-429D-8D24-9E65BE380185}.Service|Any CPU.Build.0 = Service|Any CPU
		{9606F823-22E3-429D-8D24-9E65BE380185}.Service|x86.ActiveCfg = Service|Any CPU
		{9606F823-22E3-429D-8D24-9E65BE380185}.Service|x86.Build.0 = Service|Any CPU
		{9606F823-22E3-429D-8D24-9E65BE380185}.Web|Any CPU.ActiveCfg = Web|Any CPU
		{9606F823-22E3-429D-8D24-9E65BE380185}.Web|Any CPU.Build.0 = Web|Any CPU
		{9606F823-22E3-429D-8D24-9E65BE380185}.Web|x86.ActiveCfg = Web|Any CPU
		{9606F823-22E3-429D-8D24-9E65BE380185}.Web|x86.Build.0 = Web|Any CPU
	EndGlobalSection
	GlobalSection(SolutionProperties) = preSolution
		HideSolutionNode = FALSE
	EndGlobalSection
	GlobalSection(NestedProjects) = preSolution
		{C11411D1-7FCE-42F3-A753-140B5D9A57D0} = {89086EC6-D71C-4663-9138-0375431DB8CF}
		{B26E7F15-C1F8-4C85-80E2-C16A00A6788F} = {7A6C17E5-6E88-4A40-974B-B85DE7025AD6}
		{A3364A57-4D54-40CF-942F-6DC3D8E1B63A} = {89086EC6-D71C-4663-9138-0375431DB8CF}
		{EB09B414-804F-4BA7-992C-504476EDE0C1} = {7A6C17E5-6E88-4A40-974B-B85DE7025AD6}
		{4E37A77B-97CC-4C0B-971A-4D0622DA2A1A} = {89086EC6-D71C-4663-9138-0375431DB8CF}
		{9606F823-22E3-429D-8D24-9E65BE380185} = {7A6C17E5-6E88-4A40-974B-B85DE7025AD6}
	EndGlobalSection
EndGlobal
